
Microsoft Visual Studio Solution File, Format Version 12.00
# Visual Studio Version 16
VisualStudioVersion = 16.0.28714.193
MinimumVisualStudioVersion = 10.0.40219.1
Project("{FAE04EC0-301F-11D3-BF4B-00C04F79EFBC}") = "DiskSpace", "DiskSpace\DiskSpace.csproj", "{7192A019-B0AC-4307-96B6-F2FA0C4CF77C}"
EndProject
Project("{FAE04EC0-301F-11D3-BF4B-00C04F79EFBC}") = "WeekNumber", "WeekNumber\WeekNumber.csproj", "{82D086D4-E145-4487-81FA-28BD3B1577D2}"
EndProject
Project("{FAE04EC0-301F-11D3-BF4B-00C04F79EFBC}") = "NetOn", "NetOn\NetOn.csproj", "{61E1F1A0-3608-4C97-B90C-2DAF12BD0D5B}"
EndProject
Project("{FAE04EC0-301F-11D3-BF4B-00C04F79EFBC}") = "ScanDevices", "ScanDevices\ScanDevices\ScanDevices.csproj", "{26B9366C-2C7F-4C03-A5BC-01AC3ED62C57}"
EndProject
Project("{FAE04EC0-301F-11D3-BF4B-00C04F79EFBC}") = "Runner", "Runner\Runner.csproj", "{3851A0A8-B5C7-4675-B026-B9209F26A3C0}"
EndProject
Project("{FAE04EC0-301F-11D3-BF4B-00C04F79EFBC}") = "ProxyToogle", "ProxyToogle\ProxyToogle.csproj", "{8948ED83-5F55-4D26-A121-67CCEFE49F6F}"
EndProject
Global
	GlobalSection(SolutionConfigurationPlatforms) = preSolution
		Debug|Any CPU = Debug|Any CPU
		Debug|x64 = Debug|x64
		Debug|x86 = Debug|x86
		Release|Any CPU = Release|Any CPU
		Release|x64 = Release|x64
		Release|x86 = Release|x86
	EndGlobalSection
	GlobalSection(ProjectConfigurationPlatforms) = postSolution
		{7192A019-B0AC-4307-96B6-F2FA0C4CF77C}.Debug|Any CPU.ActiveCfg = Debug|Any CPU
		{7192A019-B0AC-4307-96B6-F2FA0C4CF77C}.Debug|Any CPU.Build.0 = Debug|Any CPU
		{7192A019-B0AC-4307-96B6-F2FA0C4CF77C}.Debug|x64.ActiveCfg = Debug|Any CPU
		{7192A019-B0AC-4307-96B6-F2FA0C4CF77C}.Debug|x64.Build.0 = Debug|Any CPU
		{7192A019-B0AC-4307-96B6-F2FA0C4CF77C}.Debug|x86.ActiveCfg = Debug|x86
		{7192A019-B0AC-4307-96B6-F2FA0C4CF77C}.Debug|x86.Build.0 = Debug|x86
		{7192A019-B0AC-4307-96B6-F2FA0C4CF77C}.Release|Any CPU.ActiveCfg = Release|Any CPU
		{7192A019-B0AC-4307-96B6-F2FA0C4CF77C}.Release|Any CPU.Build.0 = Release|Any CPU
		{7192A019-B0AC-4307-96B6-F2FA0C4CF77C}.Release|x64.ActiveCfg = Debug|Any CPU
		{7192A019-B0AC-4307-96B6-F2FA0C4CF77C}.Release|x64.Build.0 = Debug|Any CPU
		{7192A019-B0AC-4307-96B6-F2FA0C4CF77C}.Release|x86.ActiveCfg = Release|x86
		{82D086D4-E145-4487-81FA-28BD3B1577D2}.Debug|Any CPU.ActiveCfg = Debug|x86
		{82D086D4-E145-4487-81FA-28BD3B1577D2}.Debug|x64.ActiveCfg = Debug|x64
		{82D086D4-E145-4487-81FA-28BD3B1577D2}.Debug|x64.Build.0 = Debug|x64
		{82D086D4-E145-4487-81FA-28BD3B1577D2}.Debug|x86.ActiveCfg = Debug|x86
		{82D086D4-E145-4487-81FA-28BD3B1577D2}.Debug|x86.Build.0 = Debug|x86
		{82D086D4-E145-4487-81FA-28BD3B1577D2}.Release|Any CPU.ActiveCfg = Release|x86
		{82D086D4-E145-4487-81FA-28BD3B1577D2}.Release|x64.ActiveCfg = Release|x64
		{82D086D4-E145-4487-81FA-28BD3B1577D2}.Release|x64.Build.0 = Release|x64
		{82D086D4-E145-4487-81FA-28BD3B1577D2}.Release|x86.ActiveCfg = Release|x86
		{82D086D4-E145-4487-81FA-28BD3B1577D2}.Release|x86.Build.0 = Release|x86
		{61E1F1A0-3608-4C97-B90C-2DAF12BD0D5B}.Debug|Any CPU.ActiveCfg = Debug|x86
		{61E1F1A0-3608-4C97-B90C-2DAF12BD0D5B}.Debug|x64.ActiveCfg = Debug|x64
		{61E1F1A0-3608-4C97-B90C-2DAF12BD0D5B}.Debug|x64.Build.0 = Debug|x64
		{61E1F1A0-3608-4C97-B90C-2DAF12BD0D5B}.Debug|x86.ActiveCfg = Debug|x86
		{61E1F1A0-3608-4C97-B90C-2DAF12BD0D5B}.Debug|x86.Build.0 = Debug|x86
		{61E1F1A0-3608-4C97-B90C-2DAF12BD0D5B}.Release|Any CPU.ActiveCfg = Release|x86
		{61E1F1A0-3608-4C97-B90C-2DAF12BD0D5B}.Release|x64.ActiveCfg = Release|x64
		{61E1F1A0-3608-4C97-B90C-2DAF12BD0D5B}.Release|x64.Build.0 = Release|x64
		{61E1F1A0-3608-4C97-B90C-2DAF12BD0D5B}.Release|x86.ActiveCfg = Release|x86
		{61E1F1A0-3608-4C97-B90C-2DAF12BD0D5B}.Release|x86.Build.0 = Release|x86
		{26B9366C-2C7F-4C03-A5BC-01AC3ED62C57}.Debug|Any CPU.ActiveCfg = Debug|Any CPU
		{26B9366C-2C7F-4C03-A5BC-01AC3ED62C57}.Debug|Any CPU.Build.0 = Debug|Any CPU
		{26B9366C-2C7F-4C03-A5BC-01AC3ED62C57}.Debug|x64.ActiveCfg = Debug|Any CPU
		{26B9366C-2C7F-4C03-A5BC-01AC3ED62C57}.Debug|x64.Build.0 = Debug|Any CPU
		{26B9366C-2C7F-4C03-A5BC-01AC3ED62C57}.Debug|x86.ActiveCfg = Debug|x86
		{26B9366C-2C7F-4C03-A5BC-01AC3ED62C57}.Debug|x86.Build.0 = Debug|x86
		{26B9366C-2C7F-4C03-A5BC-01AC3ED62C57}.Release|Any CPU.ActiveCfg = Release|Any CPU
		{26B9366C-2C7F-4C03-A5BC-01AC3ED62C57}.Release|Any CPU.Build.0 = Release|Any CPU
		{26B9366C-2C7F-4C03-A5BC-01AC3ED62C57}.Release|x64.ActiveCfg = Release|Any CPU
		{26B9366C-2C7F-4C03-A5BC-01AC3ED62C57}.Release|x64.Build.0 = Release|Any CPU
		{26B9366C-2C7F-4C03-A5BC-01AC3ED62C57}.Release|x86.ActiveCfg = Release|x86
		{26B9366C-2C7F-4C03-A5BC-01AC3ED62C57}.Release|x86.Build.0 = Release|x86
		{3851A0A8-B5C7-4675-B026-B9209F26A3C0}.Debug|Any CPU.ActiveCfg = Debug|Any CPU
		{3851A0A8-B5C7-4675-B026-B9209F26A3C0}.Debug|Any CPU.Build.0 = Debug|Any CPU
		{3851A0A8-B5C7-4675-B026-B9209F26A3C0}.Debug|x64.ActiveCfg = Debug|Any CPU
		{3851A0A8-B5C7-4675-B026-B9209F26A3C0}.Debug|x64.Build.0 = Debug|Any CPU
		{3851A0A8-B5C7-4675-B026-B9209F26A3C0}.Debug|x86.ActiveCfg = Debug|Any CPU
		{3851A0A8-B5C7-4675-B026-B9209F26A3C0}.Debug|x86.Build.0 = Debug|Any CPU
		{3851A0A8-B5C7-4675-B026-B9209F26A3C0}.Release|Any CPU.ActiveCfg = Release|Any CPU
		{3851A0A8-B5C7-4675-B026-B9209F26A3C0}.Release|Any CPU.Build.0 = Release|Any CPU
		{3851A0A8-B5C7-4675-B026-B9209F26A3C0}.Release|x64.ActiveCfg = Release|Any CPU
		{3851A0A8-B5C7-4675-B026-B9209F26A3C0}.Release|x64.Build.0 = Release|Any CPU
		{3851A0A8-B5C7-4675-B026-B9209F26A3C0}.Release|x86.ActiveCfg = Release|Any CPU
		{3851A0A8-B5C7-4675-B026-B9209F26A3C0}.Release|x86.Build.0 = Release|Any CPU
		{8948ED83-5F55-4D26-A121-67CCEFE49F6F}.Debug|Any CPU.ActiveCfg = Debug|Any CPU
		{8948ED83-5F55-4D26-A121-67CCEFE49F6F}.Debug|Any CPU.Build.0 = Debug|Any CPU
		{8948ED83-5F55-4D26-A121-67CCEFE49F6F}.Debug|x64.ActiveCfg = Debug|Any CPU
		{8948ED83-5F55-4D26-A121-67CCEFE49F6F}.Debug|x64.Build.0 = Debug|Any CPU
		{8948ED83-5F55-4D26-A121-67CCEFE49F6F}.Debug|x86.ActiveCfg = Debug|Any CPU
		{8948ED83-5F55-4D26-A121-67CCEFE49F6F}.Debug|x86.Build.0 = Debug|Any CPU
		{8948ED83-5F55-4D26-A121-67CCEFE49F6F}.Release|Any CPU.ActiveCfg = Release|Any CPU
		{8948ED83-5F55-4D26-A121-67CCEFE49F6F}.Release|Any CPU.Build.0 = Release|Any CPU
		{8948ED83-5F55-4D26-A121-67CCEFE49F6F}.Release|x64.ActiveCfg = Release|Any CPU
		{8948ED83-5F55-4D26-A121-67CCEFE49F6F}.Release|x64.Build.0 = Release|Any CPU
		{8948ED83-5F55-4D26-A121-67CCEFE49F6F}.Release|x86.ActiveCfg = Release|Any CPU
		{8948ED83-5F55-4D26-A121-67CCEFE49F6F}.Release|x86.Build.0 = Release|Any CPU
	EndGlobalSection
	GlobalSection(SolutionProperties) = preSolution
		HideSolutionNode = FALSE
	EndGlobalSection
	GlobalSection(ExtensibilityGlobals) = postSolution
		SolutionGuid = {98226ADC-06DE-458F-B088-20F1860D5379}
	EndGlobalSection
	GlobalSection(Performance) = preSolution
		HasPerformanceSessions = true
	EndGlobalSection
EndGlobal
